
Microsoft Visual Studio Solution File, Format Version 11.00
# Visual Studio 2010
Project("{FAE04EC0-301F-11D3-BF4B-00C04F79EFBC}") = "Assembly-CSharp-firstpass", "Assembly-CSharp-firstpass.csproj", "{29344660-E3D0-359E-099A-007EC4F174B0}"
EndProject
Project("{FAE04EC0-301F-11D3-BF4B-00C04F79EFBC}") = "Assembly-CSharp", "Assembly-CSharp.csproj", "{B332F582-0D92-166F-7DDB-395B27FEF3D6}"
EndProject
Project("{FAE04EC0-301F-11D3-BF4B-00C04F79EFBC}") = "Assembly-CSharp-Editor-firstpass", "Assembly-CSharp-Editor-firstpass.csproj", "{C32418B3-1349-3C2C-F89F-35B5712DC704}"
EndProject
Global
	GlobalSection(SolutionConfigurationPlatforms) = preSolution
		Debug|Any CPU = Debug|Any CPU
		Release|Any CPU = Release|Any CPU
	EndGlobalSection
	GlobalSection(ProjectConfigurationPlatforms) = postSolution
		{29344660-E3D0-359E-099A-007EC4F174B0}.Debug|Any CPU.ActiveCfg = Debug|Any CPU
		{29344660-E3D0-359E-099A-007EC4F174B0}.Debug|Any CPU.Build.0 = Debug|Any CPU
		{29344660-E3D0-359E-099A-007EC4F174B0}.Release|Any CPU.ActiveCfg = Release|Any CPU
		{29344660-E3D0-359E-099A-007EC4F174B0}.Release|Any CPU.Build.0 = Release|Any CPU
		{B332F582-0D92-166F-7DDB-395B27FEF3D6}.Debug|Any CPU.ActiveCfg = Debug|Any CPU
		{B332F582-0D92-166F-7DDB-395B27FEF3D6}.Debug|Any CPU.Build.0 = Debug|Any CPU
		{B332F582-0D92-166F-7DDB-395B27FEF3D6}.Release|Any CPU.ActiveCfg = Release|Any CPU
		{B332F582-0D92-166F-7DDB-395B27FEF3D6}.Release|Any CPU.Build.0 = Release|Any CPU
		{C32418B3-1349-3C2C-F89F-35B5712DC704}.Debug|Any CPU.ActiveCfg = Debug|Any CPU
		{C32418B3-1349-3C2C-F89F-35B5712DC704}.Debug|Any CPU.Build.0 = Debug|Any CPU
		{C32418B3-1349-3C2C-F89F-35B5712DC704}.Release|Any CPU.ActiveCfg = Release|Any CPU
		{C32418B3-1349-3C2C-F89F-35B5712DC704}.Release|Any CPU.Build.0 = Release|Any CPU
	EndGlobalSection
	GlobalSection(SolutionProperties) = preSolution
		HideSolutionNode = FALSE
	EndGlobalSection
	GlobalSection(MonoDevelopProperties) = preSolution
		StartupItem = Assembly-CSharp.csproj
	EndGlobalSection
EndGlobal
