
Microsoft Visual Studio Solution File, Format Version 11.00
# Visual Studio 2010
Project("{FAE04EC0-301F-11D3-BF4B-00C04F79EFBC}") = "Assembly-CSharp", "Assembly-CSharp.csproj", "{11CBA4B5-2870-7027-D47D-AF5FB0F9FAA2}"
EndProject
Project("{FAE04EC0-301F-11D3-BF4B-00C04F79EFBC}") = "Assembly-CSharp-Editor", "Assembly-CSharp-Editor.csproj", "{22835F14-442B-5BE2-ABE8-94FB34534526}"
EndProject
Global
	GlobalSection(SolutionConfigurationPlatforms) = preSolution
		Debug|Any CPU = Debug|Any CPU
		Release|Any CPU = Release|Any CPU
	EndGlobalSection
	GlobalSection(ProjectConfigurationPlatforms) = postSolution
		{11CBA4B5-2870-7027-D47D-AF5FB0F9FAA2}.Debug|Any CPU.ActiveCfg = Debug|Any CPU
		{11CBA4B5-2870-7027-D47D-AF5FB0F9FAA2}.Debug|Any CPU.Build.0 = Debug|Any CPU
		{11CBA4B5-2870-7027-D47D-AF5FB0F9FAA2}.Release|Any CPU.ActiveCfg = Release|Any CPU
		{11CBA4B5-2870-7027-D47D-AF5FB0F9FAA2}.Release|Any CPU.Build.0 = Release|Any CPU
		{22835F14-442B-5BE2-ABE8-94FB34534526}.Debug|Any CPU.ActiveCfg = Debug|Any CPU
		{22835F14-442B-5BE2-ABE8-94FB34534526}.Debug|Any CPU.Build.0 = Debug|Any CPU
		{22835F14-442B-5BE2-ABE8-94FB34534526}.Release|Any CPU.ActiveCfg = Release|Any CPU
		{22835F14-442B-5BE2-ABE8-94FB34534526}.Release|Any CPU.Build.0 = Release|Any CPU
	EndGlobalSection
	GlobalSection(SolutionProperties) = preSolution
		HideSolutionNode = FALSE
	EndGlobalSection
	GlobalSection(MonoDevelopProperties) = preSolution
		StartupItem = Assembly-CSharp.csproj
	EndGlobalSection
EndGlobal
