
Microsoft Visual Studio Solution File, Format Version 11.00
# Visual Studio 2010
Project("{FAE04EC0-301F-11D3-BF4B-00C04F79EFBC}") = "Assembly-CSharp", "Assembly-CSharp.csproj", "{129E4C34-D59F-3D2C-3CDD-E38174B0ECE6}"
EndProject
Project("{FAE04EC0-301F-11D3-BF4B-00C04F79EFBC}") = "Assembly-CSharp-Editor", "Assembly-CSharp-Editor.csproj", "{99D9005A-7D95-9297-0AAF-88E7DF32E8AD}"
EndProject
Global
	GlobalSection(SolutionConfigurationPlatforms) = preSolution
		Debug|Any CPU = Debug|Any CPU
		Release|Any CPU = Release|Any CPU
	EndGlobalSection
	GlobalSection(ProjectConfigurationPlatforms) = postSolution
		{129E4C34-D59F-3D2C-3CDD-E38174B0ECE6}.Debug|Any CPU.ActiveCfg = Debug|Any CPU
		{129E4C34-D59F-3D2C-3CDD-E38174B0ECE6}.Debug|Any CPU.Build.0 = Debug|Any CPU
		{129E4C34-D59F-3D2C-3CDD-E38174B0ECE6}.Release|Any CPU.ActiveCfg = Release|Any CPU
		{129E4C34-D59F-3D2C-3CDD-E38174B0ECE6}.Release|Any CPU.Build.0 = Release|Any CPU
		{99D9005A-7D95-9297-0AAF-88E7DF32E8AD}.Debug|Any CPU.ActiveCfg = Debug|Any CPU
		{99D9005A-7D95-9297-0AAF-88E7DF32E8AD}.Debug|Any CPU.Build.0 = Debug|Any CPU
		{99D9005A-7D95-9297-0AAF-88E7DF32E8AD}.Release|Any CPU.ActiveCfg = Release|Any CPU
		{99D9005A-7D95-9297-0AAF-88E7DF32E8AD}.Release|Any CPU.Build.0 = Release|Any CPU
	EndGlobalSection
	GlobalSection(SolutionProperties) = preSolution
		HideSolutionNode = FALSE
	EndGlobalSection
	GlobalSection(MonoDevelopProperties) = preSolution
		StartupItem = Assembly-CSharp.csproj
	EndGlobalSection
EndGlobal
